
Microsoft Visual Studio Solution File, Format Version 12.00
# Visual Studio Version 16
VisualStudioVersion = 16.0.30523.141
MinimumVisualStudioVersion = 10.0.40219.1
Project("{FAE04EC0-301F-11D3-BF4B-00C04F79EFBC}") = "AsyncFileIOWinForm", "AsyncFileIOWinForm.csproj", "{E1D0EEFC-B221-4105-9CB2-C9AF4F12909F}"
EndProject
Global
	GlobalSection(SolutionConfigurationPlatforms) = preSolution
		Debug|Any CPU = Debug|Any CPU
		Release|Any CPU = Release|Any CPU
	EndGlobalSection
	GlobalSection(ProjectConfigurationPlatforms) = postSolution
		{E1D0EEFC-B221-4105-9CB2-C9AF4F12909F}.Debug|Any CPU.ActiveCfg = Debug|Any CPU
		{E1D0EEFC-B221-4105-9CB2-C9AF4F12909F}.Debug|Any CPU.Build.0 = Debug|Any CPU
		{E1D0EEFC-B221-4105-9CB2-C9AF4F12909F}.Release|Any CPU.ActiveCfg = Release|Any CPU
		{E1D0EEFC-B221-4105-9CB2-C9AF4F12909F}.Release|Any CPU.Build.0 = Release|Any CPU
	EndGlobalSection
	GlobalSection(SolutionProperties) = preSolution
		HideSolutionNode = FALSE
	EndGlobalSection
	GlobalSection(ExtensibilityGlobals) = postSolution
		SolutionGuid = {D2476B70-661C-4889-A46B-A0A53533129A}
	EndGlobalSection
EndGlobal
