
Microsoft Visual Studio Solution File, Format Version 12.00
# Visual Studio Version 16
VisualStudioVersion = 16.0.30523.141
MinimumVisualStudioVersion = 10.0.40219.1
Project("{FAE04EC0-301F-11D3-BF4B-00C04F79EFBC}") = "UsingControls", "UsingControls.csproj", "{FB4B4842-54E4-47FE-8398-BB6970BC9220}"
EndProject
Global
	GlobalSection(SolutionConfigurationPlatforms) = preSolution
		Debug|Any CPU = Debug|Any CPU
		Release|Any CPU = Release|Any CPU
	EndGlobalSection
	GlobalSection(ProjectConfigurationPlatforms) = postSolution
		{FB4B4842-54E4-47FE-8398-BB6970BC9220}.Debug|Any CPU.ActiveCfg = Debug|Any CPU
		{FB4B4842-54E4-47FE-8398-BB6970BC9220}.Debug|Any CPU.Build.0 = Debug|Any CPU
		{FB4B4842-54E4-47FE-8398-BB6970BC9220}.Release|Any CPU.ActiveCfg = Release|Any CPU
		{FB4B4842-54E4-47FE-8398-BB6970BC9220}.Release|Any CPU.Build.0 = Release|Any CPU
	EndGlobalSection
	GlobalSection(SolutionProperties) = preSolution
		HideSolutionNode = FALSE
	EndGlobalSection
	GlobalSection(ExtensibilityGlobals) = postSolution
		SolutionGuid = {9D67B522-8DA0-4EC8-87C1-F86F0338EADB}
	EndGlobalSection
EndGlobal
